
Microsoft Visual Studio Solution File, Format Version 12.00
# Visual Studio Version 17
VisualStudioVersion = 17.0.31919.166
MinimumVisualStudioVersion = 10.0.40219.1
Project("{FAE04EC0-301F-11D3-BF4B-00C04F79EFBC}") = "CSBeltSO", "CSBeltSO\CSBeltSO.csproj", "{853C4D40-1F63-4E59-9E4A-A67F7A10B9EF}"
EndProject
Project("{FAE04EC0-301F-11D3-BF4B-00C04F79EFBC}") = "CSBillAcceptorSO", "CSBillAcceptorSO\CSBillAcceptorSO.csproj", "{2FDDAF1F-80FB-4E09-B537-F072EBEAC01C}"
EndProject
Project("{FAE04EC0-301F-11D3-BF4B-00C04F79EFBC}") = "CSBillDispenserSO", "CSBillDispenserSO\CSBillDispenserSO.csproj", "{0A004134-FBE7-46B3-B3F2-E2AC2E50A16E}"
EndProject
Project("{FAE04EC0-301F-11D3-BF4B-00C04F79EFBC}") = "CSBiometricsSO", "CSBiometricsSO\CSBiometricsSO.csproj", "{CEC149FB-CFF7-4989-A196-86BEA4400852}"
EndProject
Project("{FAE04EC0-301F-11D3-BF4B-00C04F79EFBC}") = "CSBumpBarSO", "CSBumpBarSO\CSBumpBarSO.csproj", "{FEEC857B-7D9B-4FF3-9C94-B47B66348CD2}"
EndProject
Project("{FAE04EC0-301F-11D3-BF4B-00C04F79EFBC}") = "CSCashChangerSO", "CSCashChangerSO\CSCashChangerSO.csproj", "{3EC03AA9-2FA7-4A7B-8BD4-C02955450264}"
EndProject
Project("{FAE04EC0-301F-11D3-BF4B-00C04F79EFBC}") = "CSCashDrawerSO", "CSCashDrawerSO\CSCashDrawerSO.csproj", "{7963E0EF-EB74-4AF2-9FF7-6C53CB9B4928}"
EndProject
Project("{FAE04EC0-301F-11D3-BF4B-00C04F79EFBC}") = "CSCATSO", "CSCATSO\CSCATSO.csproj", "{5A30A5AD-0055-4301-9791-9E902164964A}"
EndProject
Project("{FAE04EC0-301F-11D3-BF4B-00C04F79EFBC}") = "CSCheckScannerSO", "CSCheckScannerSO\CSCheckScannerSO.csproj", "{3AFA0B0B-C3B3-4F4C-911E-77F5FEF1D74C}"
EndProject
Project("{FAE04EC0-301F-11D3-BF4B-00C04F79EFBC}") = "CSCoinAcceptorSO", "CSCoinAcceptorSO\CSCoinAcceptorSO.csproj", "{A0EA7E5A-95D0-43C9-85D2-1B935909B021}"
EndProject
Project("{FAE04EC0-301F-11D3-BF4B-00C04F79EFBC}") = "CSCoinDispenserSO", "CSCoinDispenserSO\CSCoinDispenserSO.csproj", "{326B3A7B-12B7-4D0F-AF2E-7815B963296E}"
EndProject
Project("{FAE04EC0-301F-11D3-BF4B-00C04F79EFBC}") = "CSElectronicJournalSO", "CSElectronicJournalSO\CSElectronicJournalSO.csproj", "{8BA98432-5C47-445C-925E-ABA0B9BDF61B}"
EndProject
Project("{FAE04EC0-301F-11D3-BF4B-00C04F79EFBC}") = "CSElectronicValueRWSO", "CSElectronicValueRWSO\CSElectronicValueRWSO.csproj", "{9611CC97-EC9A-4AF5-9D5B-B16F5D4C5AFD}"
EndProject
Project("{FAE04EC0-301F-11D3-BF4B-00C04F79EFBC}") = "CSFiscalPrinterSO", "CSFiscalPrinterSO\CSFiscalPrinterSO.csproj", "{9692BF74-C593-48CA-AB1C-8D078CF18A35}"
EndProject
Project("{FAE04EC0-301F-11D3-BF4B-00C04F79EFBC}") = "CSGateSO", "CSGateSO\CSGateSO.csproj", "{DFD74709-5A04-44C4-A4C5-B1A28689D37F}"
EndProject
Project("{FAE04EC0-301F-11D3-BF4B-00C04F79EFBC}") = "CSImageScannerSO", "CSImageScannerSO\CSImageScannerSO.csproj", "{E32342D6-D671-4AA5-9388-F1C4A743FF73}"
EndProject
Project("{FAE04EC0-301F-11D3-BF4B-00C04F79EFBC}") = "CSItemDispenserSO", "CSItemDispenserSO\CSItemDispenserSO.csproj", "{DC4C53BA-B7A4-4CE9-BB2D-2CA9A6D08A78}"
EndProject
Project("{FAE04EC0-301F-11D3-BF4B-00C04F79EFBC}") = "CSKeylockSO", "CSKeylockSO\CSKeylockSO.csproj", "{ABED9763-C58D-484F-90C0-0574093CA81B}"
EndProject
Project("{FAE04EC0-301F-11D3-BF4B-00C04F79EFBC}") = "CSLightsSO", "CSLightsSO\CSLightsSO.csproj", "{A5F67969-09AE-426E-A751-69187826A47C}"
EndProject
Project("{FAE04EC0-301F-11D3-BF4B-00C04F79EFBC}") = "CSLineDisplaySO", "CSLineDisplaySO\CSLineDisplaySO.csproj", "{6E7D436A-6A88-4BDD-A127-410ECF6BA2D6}"
EndProject
Project("{FAE04EC0-301F-11D3-BF4B-00C04F79EFBC}") = "CSMICRSO", "CSMICRSO\CSMICRSO.csproj", "{5E8A68C3-20F5-4DE3-8377-0ADE317011D9}"
EndProject
Project("{FAE04EC0-301F-11D3-BF4B-00C04F79EFBC}") = "CSMotionSensorSO", "CSMotionSensorSO\CSMotionSensorSO.csproj", "{64FCE3A6-9A09-4ED6-82FF-5E35FE24D481}"
EndProject
Project("{FAE04EC0-301F-11D3-BF4B-00C04F79EFBC}") = "CSMSRSO", "CSMSRSO\CSMSRSO.csproj", "{81FCCE38-27D8-4F8F-AEA7-102C4D7D0242}"
EndProject
Project("{FAE04EC0-301F-11D3-BF4B-00C04F79EFBC}") = "CSPINPadSO", "CSPINPadSO\CSPINPadSO.csproj", "{A4135F32-8E17-4CD1-8058-4983D5864D08}"
EndProject
Project("{FAE04EC0-301F-11D3-BF4B-00C04F79EFBC}") = "CSHardTotalsSO", "CSHardTotalsSO\CSHardTotalsSO.csproj", "{A08BB506-BC92-4878-9578-4E4268EAEFA3}"
EndProject
Project("{FAE04EC0-301F-11D3-BF4B-00C04F79EFBC}") = "CSPointCardRWSO", "CSPointCardRWSO\CSPointCardRWSO.csproj", "{72382DB3-B38F-4858-841C-41B8EBE77BCC}"
EndProject
Project("{FAE04EC0-301F-11D3-BF4B-00C04F79EFBC}") = "CSPOSKeyboardSO", "CSPOSKeyboardSO\CSPOSKeyboardSO.csproj", "{E9B0A790-9C50-4010-814C-6023345FCF9D}"
EndProject
Project("{FAE04EC0-301F-11D3-BF4B-00C04F79EFBC}") = "CSPOSPowerSO", "CSPOSPowerSO\CSPOSPowerSO.csproj", "{81DEB12C-43B2-48B3-A17C-101C0BB606E8}"
EndProject
Project("{FAE04EC0-301F-11D3-BF4B-00C04F79EFBC}") = "CSPOSPrinterSO", "CSPOSPrinterSO\CSPOSPrinterSO.csproj", "{2CB1EA1A-BDC1-4564-AFB6-BF32D21387B0}"
EndProject
Project("{FAE04EC0-301F-11D3-BF4B-00C04F79EFBC}") = "CSRemoteOrderDisplaySO", "CSRemoteOrderDisplaySO\CSRemoteOrderDisplaySO.csproj", "{00A7F457-7A37-42EA-9553-61881B06BE88}"
EndProject
Project("{FAE04EC0-301F-11D3-BF4B-00C04F79EFBC}") = "CSRFIDScannerSO", "CSRFIDScannerSO\CSRFIDScannerSO.csproj", "{5B2E2D33-B5C1-4555-9E4E-82C1B8CF0084}"
EndProject
Project("{FAE04EC0-301F-11D3-BF4B-00C04F79EFBC}") = "CSScaleSO", "CSScaleSO\CSScaleSO.csproj", "{3A38893B-8388-4D9D-8305-4C16F058AE58}"
EndProject
Project("{FAE04EC0-301F-11D3-BF4B-00C04F79EFBC}") = "CSScannerSO", "CSScannerSO\CSScannerSO.csproj", "{7ADD0E0E-A093-48B8-A49C-0698715B2F67}"
EndProject
Project("{FAE04EC0-301F-11D3-BF4B-00C04F79EFBC}") = "CSSmartCardRWSO", "CSSmartCardRWSO\CSSmartCardRWSO.csproj", "{9586E75B-04DE-4075-8F0B-D5E5165E62E5}"
EndProject
Project("{FAE04EC0-301F-11D3-BF4B-00C04F79EFBC}") = "CSSignatureCaptureSO", "CSSignatureCaptureSO\CSSignatureCaptureSO.csproj", "{079501DD-EC35-4C98-BA39-C7EAA64AD4F2}"
EndProject
Project("{FAE04EC0-301F-11D3-BF4B-00C04F79EFBC}") = "CSToneIndicatorSO", "CSToneIndicatorSO\CSToneIndicatorSO.csproj", "{CE762AE9-9426-4CA4-98C0-81B4872B4D23}"
EndProject
Project("{FAE04EC0-301F-11D3-BF4B-00C04F79EFBC}") = "CSDeviceMonitorSO", "CSDeviceMonitorSO\CSDeviceMonitorSO.csproj", "{64614A7D-B5DA-422A-A5D8-B69720F2D6BD}"
EndProject
Project("{FAE04EC0-301F-11D3-BF4B-00C04F79EFBC}") = "CSGestureControlSO", "CSGestureControlSO\CSGestureControlSO.csproj", "{9418DBE8-4742-48BD-BB1C-73F54BDEA19F}"
EndProject
Project("{FAE04EC0-301F-11D3-BF4B-00C04F79EFBC}") = "CSGraphicDisplaySO", "CSGraphicDisplaySO\CSGraphicDisplaySO.csproj", "{25082DE1-BCA1-40D6-A13D-8C71B5A7787E}"
EndProject
Project("{FAE04EC0-301F-11D3-BF4B-00C04F79EFBC}") = "CSIndividualRecognitionSO", "CSIndividualRecognitionSO\CSIndividualRecognitionSO.csproj", "{49A3FEDD-3CC4-4661-B759-4AE581DECD8C}"
EndProject
Project("{FAE04EC0-301F-11D3-BF4B-00C04F79EFBC}") = "CSSoundPlayerSO", "CSSoundPlayerSO\CSSoundPlayerSO.csproj", "{DE456FE5-2CB0-497A-9B7B-5F995DB4488C}"
EndProject
Project("{FAE04EC0-301F-11D3-BF4B-00C04F79EFBC}") = "CSSoundRecorderSO", "CSSoundRecorderSO\CSSoundRecorderSO.csproj", "{6BD41C23-8C73-4F38-8081-090F4C4AE8A5}"
EndProject
Project("{FAE04EC0-301F-11D3-BF4B-00C04F79EFBC}") = "CSSpeechSynthesisSO", "CSSpeechSynthesisSO\CSSpeechSynthesisSO.csproj", "{D8E9D140-2503-4BB1-9B60-EC531F035E24}"
EndProject
Project("{FAE04EC0-301F-11D3-BF4B-00C04F79EFBC}") = "CSVideoCaptureSO", "CSVideoCaptureSO\CSVideoCaptureSO.csproj", "{9F0E49B8-D2C4-40E4-91B8-1AFFF1F13256}"
EndProject
Project("{FAE04EC0-301F-11D3-BF4B-00C04F79EFBC}") = "CSVoiceRecognitionSO", "CSVoiceRecognitionSO\CSVoiceRecognitionSO.csproj", "{14BE9AC0-830B-4761-A3E7-82C4E7FE1700}"
EndProject
Global
	GlobalSection(SolutionConfigurationPlatforms) = preSolution
		Debug|x64 = Debug|x64
		Debug|x86 = Debug|x86
		Release|x64 = Release|x64
		Release|x86 = Release|x86
	EndGlobalSection
	GlobalSection(ProjectConfigurationPlatforms) = postSolution
		{853C4D40-1F63-4E59-9E4A-A67F7A10B9EF}.Debug|x64.ActiveCfg = Debug|x64
		{853C4D40-1F63-4E59-9E4A-A67F7A10B9EF}.Debug|x64.Build.0 = Debug|x64
		{853C4D40-1F63-4E59-9E4A-A67F7A10B9EF}.Debug|x86.ActiveCfg = Debug|x86
		{853C4D40-1F63-4E59-9E4A-A67F7A10B9EF}.Debug|x86.Build.0 = Debug|x86
		{853C4D40-1F63-4E59-9E4A-A67F7A10B9EF}.Release|x64.ActiveCfg = Release|x64
		{853C4D40-1F63-4E59-9E4A-A67F7A10B9EF}.Release|x64.Build.0 = Release|x64
		{853C4D40-1F63-4E59-9E4A-A67F7A10B9EF}.Release|x86.ActiveCfg = Release|x86
		{853C4D40-1F63-4E59-9E4A-A67F7A10B9EF}.Release|x86.Build.0 = Release|x86
		{2FDDAF1F-80FB-4E09-B537-F072EBEAC01C}.Debug|x64.ActiveCfg = Debug|x64
		{2FDDAF1F-80FB-4E09-B537-F072EBEAC01C}.Debug|x64.Build.0 = Debug|x64
		{2FDDAF1F-80FB-4E09-B537-F072EBEAC01C}.Debug|x86.ActiveCfg = Debug|x86
		{2FDDAF1F-80FB-4E09-B537-F072EBEAC01C}.Debug|x86.Build.0 = Debug|x86
		{2FDDAF1F-80FB-4E09-B537-F072EBEAC01C}.Release|x64.ActiveCfg = Release|x64
		{2FDDAF1F-80FB-4E09-B537-F072EBEAC01C}.Release|x64.Build.0 = Release|x64
		{2FDDAF1F-80FB-4E09-B537-F072EBEAC01C}.Release|x86.ActiveCfg = Release|x86
		{2FDDAF1F-80FB-4E09-B537-F072EBEAC01C}.Release|x86.Build.0 = Release|x86
		{0A004134-FBE7-46B3-B3F2-E2AC2E50A16E}.Debug|x64.ActiveCfg = Debug|x64
		{0A004134-FBE7-46B3-B3F2-E2AC2E50A16E}.Debug|x64.Build.0 = Debug|x64
		{0A004134-FBE7-46B3-B3F2-E2AC2E50A16E}.Debug|x86.ActiveCfg = Debug|x86
		{0A004134-FBE7-46B3-B3F2-E2AC2E50A16E}.Debug|x86.Build.0 = Debug|x86
		{0A004134-FBE7-46B3-B3F2-E2AC2E50A16E}.Release|x64.ActiveCfg = Release|x64
		{0A004134-FBE7-46B3-B3F2-E2AC2E50A16E}.Release|x64.Build.0 = Release|x64
		{0A004134-FBE7-46B3-B3F2-E2AC2E50A16E}.Release|x86.ActiveCfg = Release|x86
		{0A004134-FBE7-46B3-B3F2-E2AC2E50A16E}.Release|x86.Build.0 = Release|x86
		{CEC149FB-CFF7-4989-A196-86BEA4400852}.Debug|x64.ActiveCfg = Debug|x64
		{CEC149FB-CFF7-4989-A196-86BEA4400852}.Debug|x64.Build.0 = Debug|x64
		{CEC149FB-CFF7-4989-A196-86BEA4400852}.Debug|x86.ActiveCfg = Debug|x86
		{CEC149FB-CFF7-4989-A196-86BEA4400852}.Debug|x86.Build.0 = Debug|x86
		{CEC149FB-CFF7-4989-A196-86BEA4400852}.Release|x64.ActiveCfg = Release|x64
		{CEC149FB-CFF7-4989-A196-86BEA4400852}.Release|x64.Build.0 = Release|x64
		{CEC149FB-CFF7-4989-A196-86BEA4400852}.Release|x86.ActiveCfg = Release|x86
		{CEC149FB-CFF7-4989-A196-86BEA4400852}.Release|x86.Build.0 = Release|x86
		{FEEC857B-7D9B-4FF3-9C94-B47B66348CD2}.Debug|x64.ActiveCfg = Debug|x64
		{FEEC857B-7D9B-4FF3-9C94-B47B66348CD2}.Debug|x64.Build.0 = Debug|x64
		{FEEC857B-7D9B-4FF3-9C94-B47B66348CD2}.Debug|x86.ActiveCfg = Debug|x86
		{FEEC857B-7D9B-4FF3-9C94-B47B66348CD2}.Debug|x86.Build.0 = Debug|x86
		{FEEC857B-7D9B-4FF3-9C94-B47B66348CD2}.Release|x64.ActiveCfg = Release|x64
		{FEEC857B-7D9B-4FF3-9C94-B47B66348CD2}.Release|x64.Build.0 = Release|x64
		{FEEC857B-7D9B-4FF3-9C94-B47B66348CD2}.Release|x86.ActiveCfg = Release|x86
		{FEEC857B-7D9B-4FF3-9C94-B47B66348CD2}.Release|x86.Build.0 = Release|x86
		{3EC03AA9-2FA7-4A7B-8BD4-C02955450264}.Debug|x64.ActiveCfg = Debug|x64
		{3EC03AA9-2FA7-4A7B-8BD4-C02955450264}.Debug|x64.Build.0 = Debug|x64
		{3EC03AA9-2FA7-4A7B-8BD4-C02955450264}.Debug|x86.ActiveCfg = Debug|x86
		{3EC03AA9-2FA7-4A7B-8BD4-C02955450264}.Debug|x86.Build.0 = Debug|x86
		{3EC03AA9-2FA7-4A7B-8BD4-C02955450264}.Release|x64.ActiveCfg = Release|x64
		{3EC03AA9-2FA7-4A7B-8BD4-C02955450264}.Release|x64.Build.0 = Release|x64
		{3EC03AA9-2FA7-4A7B-8BD4-C02955450264}.Release|x86.ActiveCfg = Release|x86
		{3EC03AA9-2FA7-4A7B-8BD4-C02955450264}.Release|x86.Build.0 = Release|x86
		{7963E0EF-EB74-4AF2-9FF7-6C53CB9B4928}.Debug|x64.ActiveCfg = Debug|x64
		{7963E0EF-EB74-4AF2-9FF7-6C53CB9B4928}.Debug|x64.Build.0 = Debug|x64
		{7963E0EF-EB74-4AF2-9FF7-6C53CB9B4928}.Debug|x86.ActiveCfg = Debug|x86
		{7963E0EF-EB74-4AF2-9FF7-6C53CB9B4928}.Debug|x86.Build.0 = Debug|x86
		{7963E0EF-EB74-4AF2-9FF7-6C53CB9B4928}.Release|x64.ActiveCfg = Release|x64
		{7963E0EF-EB74-4AF2-9FF7-6C53CB9B4928}.Release|x64.Build.0 = Release|x64
		{7963E0EF-EB74-4AF2-9FF7-6C53CB9B4928}.Release|x86.ActiveCfg = Release|x86
		{7963E0EF-EB74-4AF2-9FF7-6C53CB9B4928}.Release|x86.Build.0 = Release|x86
		{5A30A5AD-0055-4301-9791-9E902164964A}.Debug|x64.ActiveCfg = Debug|x64
		{5A30A5AD-0055-4301-9791-9E902164964A}.Debug|x64.Build.0 = Debug|x64
		{5A30A5AD-0055-4301-9791-9E902164964A}.Debug|x86.ActiveCfg = Debug|x86
		{5A30A5AD-0055-4301-9791-9E902164964A}.Debug|x86.Build.0 = Debug|x86
		{5A30A5AD-0055-4301-9791-9E902164964A}.Release|x64.ActiveCfg = Release|x64
		{5A30A5AD-0055-4301-9791-9E902164964A}.Release|x64.Build.0 = Release|x64
		{5A30A5AD-0055-4301-9791-9E902164964A}.Release|x86.ActiveCfg = Release|x86
		{5A30A5AD-0055-4301-9791-9E902164964A}.Release|x86.Build.0 = Release|x86
		{3AFA0B0B-C3B3-4F4C-911E-77F5FEF1D74C}.Debug|x64.ActiveCfg = Debug|x64
		{3AFA0B0B-C3B3-4F4C-911E-77F5FEF1D74C}.Debug|x64.Build.0 = Debug|x64
		{3AFA0B0B-C3B3-4F4C-911E-77F5FEF1D74C}.Debug|x86.ActiveCfg = Debug|x86
		{3AFA0B0B-C3B3-4F4C-911E-77F5FEF1D74C}.Debug|x86.Build.0 = Debug|x86
		{3AFA0B0B-C3B3-4F4C-911E-77F5FEF1D74C}.Release|x64.ActiveCfg = Release|x64
		{3AFA0B0B-C3B3-4F4C-911E-77F5FEF1D74C}.Release|x64.Build.0 = Release|x64
		{3AFA0B0B-C3B3-4F4C-911E-77F5FEF1D74C}.Release|x86.ActiveCfg = Release|x86
		{3AFA0B0B-C3B3-4F4C-911E-77F5FEF1D74C}.Release|x86.Build.0 = Release|x86
		{A0EA7E5A-95D0-43C9-85D2-1B935909B021}.Debug|x64.ActiveCfg = Debug|x64
		{A0EA7E5A-95D0-43C9-85D2-1B935909B021}.Debug|x64.Build.0 = Debug|x64
		{A0EA7E5A-95D0-43C9-85D2-1B935909B021}.Debug|x86.ActiveCfg = Debug|x86
		{A0EA7E5A-95D0-43C9-85D2-1B935909B021}.Debug|x86.Build.0 = Debug|x86
		{A0EA7E5A-95D0-43C9-85D2-1B935909B021}.Release|x64.ActiveCfg = Release|x64
		{A0EA7E5A-95D0-43C9-85D2-1B935909B021}.Release|x64.Build.0 = Release|x64
		{A0EA7E5A-95D0-43C9-85D2-1B935909B021}.Release|x86.ActiveCfg = Release|x86
		{A0EA7E5A-95D0-43C9-85D2-1B935909B021}.Release|x86.Build.0 = Release|x86
		{326B3A7B-12B7-4D0F-AF2E-7815B963296E}.Debug|x64.ActiveCfg = Debug|x64
		{326B3A7B-12B7-4D0F-AF2E-7815B963296E}.Debug|x64.Build.0 = Debug|x64
		{326B3A7B-12B7-4D0F-AF2E-7815B963296E}.Debug|x86.ActiveCfg = Debug|x86
		{326B3A7B-12B7-4D0F-AF2E-7815B963296E}.Debug|x86.Build.0 = Debug|x86
		{326B3A7B-12B7-4D0F-AF2E-7815B963296E}.Release|x64.ActiveCfg = Release|x64
		{326B3A7B-12B7-4D0F-AF2E-7815B963296E}.Release|x64.Build.0 = Release|x64
		{326B3A7B-12B7-4D0F-AF2E-7815B963296E}.Release|x86.ActiveCfg = Release|x86
		{326B3A7B-12B7-4D0F-AF2E-7815B963296E}.Release|x86.Build.0 = Release|x86
		{8BA98432-5C47-445C-925E-ABA0B9BDF61B}.Debug|x64.ActiveCfg = Debug|x64
		{8BA98432-5C47-445C-925E-ABA0B9BDF61B}.Debug|x64.Build.0 = Debug|x64
		{8BA98432-5C47-445C-925E-ABA0B9BDF61B}.Debug|x86.ActiveCfg = Debug|x86
		{8BA98432-5C47-445C-925E-ABA0B9BDF61B}.Debug|x86.Build.0 = Debug|x86
		{8BA98432-5C47-445C-925E-ABA0B9BDF61B}.Release|x64.ActiveCfg = Release|x64
		{8BA98432-5C47-445C-925E-ABA0B9BDF61B}.Release|x64.Build.0 = Release|x64
		{8BA98432-5C47-445C-925E-ABA0B9BDF61B}.Release|x86.ActiveCfg = Release|x86
		{8BA98432-5C47-445C-925E-ABA0B9BDF61B}.Release|x86.Build.0 = Release|x86
		{9611CC97-EC9A-4AF5-9D5B-B16F5D4C5AFD}.Debug|x64.ActiveCfg = Debug|x64
		{9611CC97-EC9A-4AF5-9D5B-B16F5D4C5AFD}.Debug|x64.Build.0 = Debug|x64
		{9611CC97-EC9A-4AF5-9D5B-B16F5D4C5AFD}.Debug|x86.ActiveCfg = Debug|x86
		{9611CC97-EC9A-4AF5-9D5B-B16F5D4C5AFD}.Debug|x86.Build.0 = Debug|x86
		{9611CC97-EC9A-4AF5-9D5B-B16F5D4C5AFD}.Release|x64.ActiveCfg = Release|x64
		{9611CC97-EC9A-4AF5-9D5B-B16F5D4C5AFD}.Release|x64.Build.0 = Release|x64
		{9611CC97-EC9A-4AF5-9D5B-B16F5D4C5AFD}.Release|x86.ActiveCfg = Release|x86
		{9611CC97-EC9A-4AF5-9D5B-B16F5D4C5AFD}.Release|x86.Build.0 = Release|x86
		{9692BF74-C593-48CA-AB1C-8D078CF18A35}.Debug|x64.ActiveCfg = Debug|x64
		{9692BF74-C593-48CA-AB1C-8D078CF18A35}.Debug|x64.Build.0 = Debug|x64
		{9692BF74-C593-48CA-AB1C-8D078CF18A35}.Debug|x86.ActiveCfg = Debug|x86
		{9692BF74-C593-48CA-AB1C-8D078CF18A35}.Debug|x86.Build.0 = Debug|x86
		{9692BF74-C593-48CA-AB1C-8D078CF18A35}.Release|x64.ActiveCfg = Release|x64
		{9692BF74-C593-48CA-AB1C-8D078CF18A35}.Release|x64.Build.0 = Release|x64
		{9692BF74-C593-48CA-AB1C-8D078CF18A35}.Release|x86.ActiveCfg = Release|x86
		{9692BF74-C593-48CA-AB1C-8D078CF18A35}.Release|x86.Build.0 = Release|x86
		{DFD74709-5A04-44C4-A4C5-B1A28689D37F}.Debug|x64.ActiveCfg = Debug|x64
		{DFD74709-5A04-44C4-A4C5-B1A28689D37F}.Debug|x64.Build.0 = Debug|x64
		{DFD74709-5A04-44C4-A4C5-B1A28689D37F}.Debug|x86.ActiveCfg = Debug|x86
		{DFD74709-5A04-44C4-A4C5-B1A28689D37F}.Debug|x86.Build.0 = Debug|x86
		{DFD74709-5A04-44C4-A4C5-B1A28689D37F}.Release|x64.ActiveCfg = Release|x64
		{DFD74709-5A04-44C4-A4C5-B1A28689D37F}.Release|x64.Build.0 = Release|x64
		{DFD74709-5A04-44C4-A4C5-B1A28689D37F}.Release|x86.ActiveCfg = Release|x86
		{DFD74709-5A04-44C4-A4C5-B1A28689D37F}.Release|x86.Build.0 = Release|x86
		{E32342D6-D671-4AA5-9388-F1C4A743FF73}.Debug|x64.ActiveCfg = Debug|x64
		{E32342D6-D671-4AA5-9388-F1C4A743FF73}.Debug|x64.Build.0 = Debug|x64
		{E32342D6-D671-4AA5-9388-F1C4A743FF73}.Debug|x86.ActiveCfg = Debug|x86
		{E32342D6-D671-4AA5-9388-F1C4A743FF73}.Debug|x86.Build.0 = Debug|x86
		{E32342D6-D671-4AA5-9388-F1C4A743FF73}.Release|x64.ActiveCfg = Release|x64
		{E32342D6-D671-4AA5-9388-F1C4A743FF73}.Release|x64.Build.0 = Release|x64
		{E32342D6-D671-4AA5-9388-F1C4A743FF73}.Release|x86.ActiveCfg = Release|x86
		{E32342D6-D671-4AA5-9388-F1C4A743FF73}.Release|x86.Build.0 = Release|x86
		{DC4C53BA-B7A4-4CE9-BB2D-2CA9A6D08A78}.Debug|x64.ActiveCfg = Debug|x64
		{DC4C53BA-B7A4-4CE9-BB2D-2CA9A6D08A78}.Debug|x64.Build.0 = Debug|x64
		{DC4C53BA-B7A4-4CE9-BB2D-2CA9A6D08A78}.Debug|x86.ActiveCfg = Debug|x86
		{DC4C53BA-B7A4-4CE9-BB2D-2CA9A6D08A78}.Debug|x86.Build.0 = Debug|x86
		{DC4C53BA-B7A4-4CE9-BB2D-2CA9A6D08A78}.Release|x64.ActiveCfg = Release|x64
		{DC4C53BA-B7A4-4CE9-BB2D-2CA9A6D08A78}.Release|x64.Build.0 = Release|x64
		{DC4C53BA-B7A4-4CE9-BB2D-2CA9A6D08A78}.Release|x86.ActiveCfg = Release|x86
		{DC4C53BA-B7A4-4CE9-BB2D-2CA9A6D08A78}.Release|x86.Build.0 = Release|x86
		{ABED9763-C58D-484F-90C0-0574093CA81B}.Debug|x64.ActiveCfg = Debug|x64
		{ABED9763-C58D-484F-90C0-0574093CA81B}.Debug|x64.Build.0 = Debug|x64
		{ABED9763-C58D-484F-90C0-0574093CA81B}.Debug|x86.ActiveCfg = Debug|x86
		{ABED9763-C58D-484F-90C0-0574093CA81B}.Debug|x86.Build.0 = Debug|x86
		{ABED9763-C58D-484F-90C0-0574093CA81B}.Release|x64.ActiveCfg = Release|x64
		{ABED9763-C58D-484F-90C0-0574093CA81B}.Release|x64.Build.0 = Release|x64
		{ABED9763-C58D-484F-90C0-0574093CA81B}.Release|x86.ActiveCfg = Release|x86
		{ABED9763-C58D-484F-90C0-0574093CA81B}.Release|x86.Build.0 = Release|x86
		{A5F67969-09AE-426E-A751-69187826A47C}.Debug|x64.ActiveCfg = Debug|x64
		{A5F67969-09AE-426E-A751-69187826A47C}.Debug|x64.Build.0 = Debug|x64
		{A5F67969-09AE-426E-A751-69187826A47C}.Debug|x86.ActiveCfg = Debug|x86
		{A5F67969-09AE-426E-A751-69187826A47C}.Debug|x86.Build.0 = Debug|x86
		{A5F67969-09AE-426E-A751-69187826A47C}.Release|x64.ActiveCfg = Release|x64
		{A5F67969-09AE-426E-A751-69187826A47C}.Release|x64.Build.0 = Release|x64
		{A5F67969-09AE-426E-A751-69187826A47C}.Release|x86.ActiveCfg = Release|x86
		{A5F67969-09AE-426E-A751-69187826A47C}.Release|x86.Build.0 = Release|x86
		{6E7D436A-6A88-4BDD-A127-410ECF6BA2D6}.Debug|x64.ActiveCfg = Debug|x64
		{6E7D436A-6A88-4BDD-A127-410ECF6BA2D6}.Debug|x64.Build.0 = Debug|x64
		{6E7D436A-6A88-4BDD-A127-410ECF6BA2D6}.Debug|x86.ActiveCfg = Debug|x86
		{6E7D436A-6A88-4BDD-A127-410ECF6BA2D6}.Debug|x86.Build.0 = Debug|x86
		{6E7D436A-6A88-4BDD-A127-410ECF6BA2D6}.Release|x64.ActiveCfg = Release|x64
		{6E7D436A-6A88-4BDD-A127-410ECF6BA2D6}.Release|x64.Build.0 = Release|x64
		{6E7D436A-6A88-4BDD-A127-410ECF6BA2D6}.Release|x86.ActiveCfg = Release|x86
		{6E7D436A-6A88-4BDD-A127-410ECF6BA2D6}.Release|x86.Build.0 = Release|x86
		{5E8A68C3-20F5-4DE3-8377-0ADE317011D9}.Debug|x64.ActiveCfg = Debug|x64
		{5E8A68C3-20F5-4DE3-8377-0ADE317011D9}.Debug|x64.Build.0 = Debug|x64
		{5E8A68C3-20F5-4DE3-8377-0ADE317011D9}.Debug|x86.ActiveCfg = Debug|x86
		{5E8A68C3-20F5-4DE3-8377-0ADE317011D9}.Debug|x86.Build.0 = Debug|x86
		{5E8A68C3-20F5-4DE3-8377-0ADE317011D9}.Release|x64.ActiveCfg = Release|x64
		{5E8A68C3-20F5-4DE3-8377-0ADE317011D9}.Release|x64.Build.0 = Release|x64
		{5E8A68C3-20F5-4DE3-8377-0ADE317011D9}.Release|x86.ActiveCfg = Release|x86
		{5E8A68C3-20F5-4DE3-8377-0ADE317011D9}.Release|x86.Build.0 = Release|x86
		{64FCE3A6-9A09-4ED6-82FF-5E35FE24D481}.Debug|x64.ActiveCfg = Debug|x64
		{64FCE3A6-9A09-4ED6-82FF-5E35FE24D481}.Debug|x64.Build.0 = Debug|x64
		{64FCE3A6-9A09-4ED6-82FF-5E35FE24D481}.Debug|x86.ActiveCfg = Debug|x86
		{64FCE3A6-9A09-4ED6-82FF-5E35FE24D481}.Debug|x86.Build.0 = Debug|x86
		{64FCE3A6-9A09-4ED6-82FF-5E35FE24D481}.Release|x64.ActiveCfg = Release|x64
		{64FCE3A6-9A09-4ED6-82FF-5E35FE24D481}.Release|x64.Build.0 = Release|x64
		{64FCE3A6-9A09-4ED6-82FF-5E35FE24D481}.Release|x86.ActiveCfg = Release|x86
		{64FCE3A6-9A09-4ED6-82FF-5E35FE24D481}.Release|x86.Build.0 = Release|x86
		{81FCCE38-27D8-4F8F-AEA7-102C4D7D0242}.Debug|x64.ActiveCfg = Debug|x64
		{81FCCE38-27D8-4F8F-AEA7-102C4D7D0242}.Debug|x64.Build.0 = Debug|x64
		{81FCCE38-27D8-4F8F-AEA7-102C4D7D0242}.Debug|x86.ActiveCfg = Debug|x86
		{81FCCE38-27D8-4F8F-AEA7-102C4D7D0242}.Debug|x86.Build.0 = Debug|x86
		{81FCCE38-27D8-4F8F-AEA7-102C4D7D0242}.Release|x64.ActiveCfg = Release|x64
		{81FCCE38-27D8-4F8F-AEA7-102C4D7D0242}.Release|x64.Build.0 = Release|x64
		{81FCCE38-27D8-4F8F-AEA7-102C4D7D0242}.Release|x86.ActiveCfg = Release|x86
		{81FCCE38-27D8-4F8F-AEA7-102C4D7D0242}.Release|x86.Build.0 = Release|x86
		{A4135F32-8E17-4CD1-8058-4983D5864D08}.Debug|x64.ActiveCfg = Debug|x64
		{A4135F32-8E17-4CD1-8058-4983D5864D08}.Debug|x64.Build.0 = Debug|x64
		{A4135F32-8E17-4CD1-8058-4983D5864D08}.Debug|x86.ActiveCfg = Debug|x86
		{A4135F32-8E17-4CD1-8058-4983D5864D08}.Debug|x86.Build.0 = Debug|x86
		{A4135F32-8E17-4CD1-8058-4983D5864D08}.Release|x64.ActiveCfg = Release|x64
		{A4135F32-8E17-4CD1-8058-4983D5864D08}.Release|x64.Build.0 = Release|x64
		{A4135F32-8E17-4CD1-8058-4983D5864D08}.Release|x86.ActiveCfg = Release|x86
		{A4135F32-8E17-4CD1-8058-4983D5864D08}.Release|x86.Build.0 = Release|x86
		{A08BB506-BC92-4878-9578-4E4268EAEFA3}.Debug|x64.ActiveCfg = Debug|x64
		{A08BB506-BC92-4878-9578-4E4268EAEFA3}.Debug|x64.Build.0 = Debug|x64
		{A08BB506-BC92-4878-9578-4E4268EAEFA3}.Debug|x86.ActiveCfg = Debug|x86
		{A08BB506-BC92-4878-9578-4E4268EAEFA3}.Debug|x86.Build.0 = Debug|x86
		{A08BB506-BC92-4878-9578-4E4268EAEFA3}.Release|x64.ActiveCfg = Release|x64
		{A08BB506-BC92-4878-9578-4E4268EAEFA3}.Release|x64.Build.0 = Release|x64
		{A08BB506-BC92-4878-9578-4E4268EAEFA3}.Release|x86.ActiveCfg = Release|x86
		{A08BB506-BC92-4878-9578-4E4268EAEFA3}.Release|x86.Build.0 = Release|x86
		{72382DB3-B38F-4858-841C-41B8EBE77BCC}.Debug|x64.ActiveCfg = Debug|x64
		{72382DB3-B38F-4858-841C-41B8EBE77BCC}.Debug|x64.Build.0 = Debug|x64
		{72382DB3-B38F-4858-841C-41B8EBE77BCC}.Debug|x86.ActiveCfg = Debug|x86
		{72382DB3-B38F-4858-841C-41B8EBE77BCC}.Debug|x86.Build.0 = Debug|x86
		{72382DB3-B38F-4858-841C-41B8EBE77BCC}.Release|x64.ActiveCfg = Release|x64
		{72382DB3-B38F-4858-841C-41B8EBE77BCC}.Release|x64.Build.0 = Release|x64
		{72382DB3-B38F-4858-841C-41B8EBE77BCC}.Release|x86.ActiveCfg = Release|x86
		{72382DB3-B38F-4858-841C-41B8EBE77BCC}.Release|x86.Build.0 = Release|x86
		{E9B0A790-9C50-4010-814C-6023345FCF9D}.Debug|x64.ActiveCfg = Debug|x64
		{E9B0A790-9C50-4010-814C-6023345FCF9D}.Debug|x64.Build.0 = Debug|x64
		{E9B0A790-9C50-4010-814C-6023345FCF9D}.Debug|x86.ActiveCfg = Debug|x86
		{E9B0A790-9C50-4010-814C-6023345FCF9D}.Debug|x86.Build.0 = Debug|x86
		{E9B0A790-9C50-4010-814C-6023345FCF9D}.Release|x64.ActiveCfg = Release|x64
		{E9B0A790-9C50-4010-814C-6023345FCF9D}.Release|x64.Build.0 = Release|x64
		{E9B0A790-9C50-4010-814C-6023345FCF9D}.Release|x86.ActiveCfg = Release|x86
		{E9B0A790-9C50-4010-814C-6023345FCF9D}.Release|x86.Build.0 = Release|x86
		{81DEB12C-43B2-48B3-A17C-101C0BB606E8}.Debug|x64.ActiveCfg = Debug|x64
		{81DEB12C-43B2-48B3-A17C-101C0BB606E8}.Debug|x64.Build.0 = Debug|x64
		{81DEB12C-43B2-48B3-A17C-101C0BB606E8}.Debug|x86.ActiveCfg = Debug|x86
		{81DEB12C-43B2-48B3-A17C-101C0BB606E8}.Debug|x86.Build.0 = Debug|x86
		{81DEB12C-43B2-48B3-A17C-101C0BB606E8}.Release|x64.ActiveCfg = Release|x64
		{81DEB12C-43B2-48B3-A17C-101C0BB606E8}.Release|x64.Build.0 = Release|x64
		{81DEB12C-43B2-48B3-A17C-101C0BB606E8}.Release|x86.ActiveCfg = Release|x86
		{81DEB12C-43B2-48B3-A17C-101C0BB606E8}.Release|x86.Build.0 = Release|x86
		{2CB1EA1A-BDC1-4564-AFB6-BF32D21387B0}.Debug|x64.ActiveCfg = Debug|x64
		{2CB1EA1A-BDC1-4564-AFB6-BF32D21387B0}.Debug|x64.Build.0 = Debug|x64
		{2CB1EA1A-BDC1-4564-AFB6-BF32D21387B0}.Debug|x86.ActiveCfg = Debug|x86
		{2CB1EA1A-BDC1-4564-AFB6-BF32D21387B0}.Debug|x86.Build.0 = Debug|x86
		{2CB1EA1A-BDC1-4564-AFB6-BF32D21387B0}.Release|x64.ActiveCfg = Release|x64
		{2CB1EA1A-BDC1-4564-AFB6-BF32D21387B0}.Release|x64.Build.0 = Release|x64
		{2CB1EA1A-BDC1-4564-AFB6-BF32D21387B0}.Release|x86.ActiveCfg = Release|x86
		{2CB1EA1A-BDC1-4564-AFB6-BF32D21387B0}.Release|x86.Build.0 = Release|x86
		{00A7F457-7A37-42EA-9553-61881B06BE88}.Debug|x64.ActiveCfg = Debug|x64
		{00A7F457-7A37-42EA-9553-61881B06BE88}.Debug|x64.Build.0 = Debug|x64
		{00A7F457-7A37-42EA-9553-61881B06BE88}.Debug|x86.ActiveCfg = Debug|x86
		{00A7F457-7A37-42EA-9553-61881B06BE88}.Debug|x86.Build.0 = Debug|x86
		{00A7F457-7A37-42EA-9553-61881B06BE88}.Release|x64.ActiveCfg = Release|x64
		{00A7F457-7A37-42EA-9553-61881B06BE88}.Release|x64.Build.0 = Release|x64
		{00A7F457-7A37-42EA-9553-61881B06BE88}.Release|x86.ActiveCfg = Release|x86
		{00A7F457-7A37-42EA-9553-61881B06BE88}.Release|x86.Build.0 = Release|x86
		{5B2E2D33-B5C1-4555-9E4E-82C1B8CF0084}.Debug|x64.ActiveCfg = Debug|x64
		{5B2E2D33-B5C1-4555-9E4E-82C1B8CF0084}.Debug|x64.Build.0 = Debug|x64
		{5B2E2D33-B5C1-4555-9E4E-82C1B8CF0084}.Debug|x86.ActiveCfg = Debug|x86
		{5B2E2D33-B5C1-4555-9E4E-82C1B8CF0084}.Debug|x86.Build.0 = Debug|x86
		{5B2E2D33-B5C1-4555-9E4E-82C1B8CF0084}.Release|x64.ActiveCfg = Release|x64
		{5B2E2D33-B5C1-4555-9E4E-82C1B8CF0084}.Release|x64.Build.0 = Release|x64
		{5B2E2D33-B5C1-4555-9E4E-82C1B8CF0084}.Release|x86.ActiveCfg = Release|x86
		{5B2E2D33-B5C1-4555-9E4E-82C1B8CF0084}.Release|x86.Build.0 = Release|x86
		{3A38893B-8388-4D9D-8305-4C16F058AE58}.Debug|x64.ActiveCfg = Debug|x64
		{3A38893B-8388-4D9D-8305-4C16F058AE58}.Debug|x64.Build.0 = Debug|x64
		{3A38893B-8388-4D9D-8305-4C16F058AE58}.Debug|x86.ActiveCfg = Debug|x86
		{3A38893B-8388-4D9D-8305-4C16F058AE58}.Debug|x86.Build.0 = Debug|x86
		{3A38893B-8388-4D9D-8305-4C16F058AE58}.Release|x64.ActiveCfg = Release|x64
		{3A38893B-8388-4D9D-8305-4C16F058AE58}.Release|x64.Build.0 = Release|x64
		{3A38893B-8388-4D9D-8305-4C16F058AE58}.Release|x86.ActiveCfg = Release|x86
		{3A38893B-8388-4D9D-8305-4C16F058AE58}.Release|x86.Build.0 = Release|x86
		{7ADD0E0E-A093-48B8-A49C-0698715B2F67}.Debug|x64.ActiveCfg = Debug|x64
		{7ADD0E0E-A093-48B8-A49C-0698715B2F67}.Debug|x64.Build.0 = Debug|x64
		{7ADD0E0E-A093-48B8-A49C-0698715B2F67}.Debug|x86.ActiveCfg = Debug|x86
		{7ADD0E0E-A093-48B8-A49C-0698715B2F67}.Debug|x86.Build.0 = Debug|x86
		{7ADD0E0E-A093-48B8-A49C-0698715B2F67}.Release|x64.ActiveCfg = Release|x64
		{7ADD0E0E-A093-48B8-A49C-0698715B2F67}.Release|x64.Build.0 = Release|x64
		{7ADD0E0E-A093-48B8-A49C-0698715B2F67}.Release|x86.ActiveCfg = Release|x86
		{7ADD0E0E-A093-48B8-A49C-0698715B2F67}.Release|x86.Build.0 = Release|x86
		{9586E75B-04DE-4075-8F0B-D5E5165E62E5}.Debug|x64.ActiveCfg = Debug|x64
		{9586E75B-04DE-4075-8F0B-D5E5165E62E5}.Debug|x64.Build.0 = Debug|x64
		{9586E75B-04DE-4075-8F0B-D5E5165E62E5}.Debug|x86.ActiveCfg = Debug|x86
		{9586E75B-04DE-4075-8F0B-D5E5165E62E5}.Debug|x86.Build.0 = Debug|x86
		{9586E75B-04DE-4075-8F0B-D5E5165E62E5}.Release|x64.ActiveCfg = Release|x64
		{9586E75B-04DE-4075-8F0B-D5E5165E62E5}.Release|x64.Build.0 = Release|x64
		{9586E75B-04DE-4075-8F0B-D5E5165E62E5}.Release|x86.ActiveCfg = Release|x86
		{9586E75B-04DE-4075-8F0B-D5E5165E62E5}.Release|x86.Build.0 = Release|x86
		{079501DD-EC35-4C98-BA39-C7EAA64AD4F2}.Debug|x64.ActiveCfg = Debug|x64
		{079501DD-EC35-4C98-BA39-C7EAA64AD4F2}.Debug|x64.Build.0 = Debug|x64
		{079501DD-EC35-4C98-BA39-C7EAA64AD4F2}.Debug|x86.ActiveCfg = Debug|x86
		{079501DD-EC35-4C98-BA39-C7EAA64AD4F2}.Debug|x86.Build.0 = Debug|x86
		{079501DD-EC35-4C98-BA39-C7EAA64AD4F2}.Release|x64.ActiveCfg = Release|x64
		{079501DD-EC35-4C98-BA39-C7EAA64AD4F2}.Release|x64.Build.0 = Release|x64
		{079501DD-EC35-4C98-BA39-C7EAA64AD4F2}.Release|x86.ActiveCfg = Release|x86
		{079501DD-EC35-4C98-BA39-C7EAA64AD4F2}.Release|x86.Build.0 = Release|x86
		{CE762AE9-9426-4CA4-98C0-81B4872B4D23}.Debug|x64.ActiveCfg = Debug|x64
		{CE762AE9-9426-4CA4-98C0-81B4872B4D23}.Debug|x64.Build.0 = Debug|x64
		{CE762AE9-9426-4CA4-98C0-81B4872B4D23}.Debug|x86.ActiveCfg = Debug|x86
		{CE762AE9-9426-4CA4-98C0-81B4872B4D23}.Debug|x86.Build.0 = Debug|x86
		{CE762AE9-9426-4CA4-98C0-81B4872B4D23}.Release|x64.ActiveCfg = Release|x64
		{CE762AE9-9426-4CA4-98C0-81B4872B4D23}.Release|x64.Build.0 = Release|x64
		{CE762AE9-9426-4CA4-98C0-81B4872B4D23}.Release|x86.ActiveCfg = Release|x86
		{CE762AE9-9426-4CA4-98C0-81B4872B4D23}.Release|x86.Build.0 = Release|x86
		{64614A7D-B5DA-422A-A5D8-B69720F2D6BD}.Debug|x64.ActiveCfg = Debug|x64
		{64614A7D-B5DA-422A-A5D8-B69720F2D6BD}.Debug|x64.Build.0 = Debug|x64
		{64614A7D-B5DA-422A-A5D8-B69720F2D6BD}.Debug|x86.ActiveCfg = Debug|x86
		{64614A7D-B5DA-422A-A5D8-B69720F2D6BD}.Debug|x86.Build.0 = Debug|x86
		{64614A7D-B5DA-422A-A5D8-B69720F2D6BD}.Release|x64.ActiveCfg = Release|x64
		{64614A7D-B5DA-422A-A5D8-B69720F2D6BD}.Release|x64.Build.0 = Release|x64
		{64614A7D-B5DA-422A-A5D8-B69720F2D6BD}.Release|x86.ActiveCfg = Release|x86
		{64614A7D-B5DA-422A-A5D8-B69720F2D6BD}.Release|x86.Build.0 = Release|x86
		{9418DBE8-4742-48BD-BB1C-73F54BDEA19F}.Debug|x64.ActiveCfg = Debug|x64
		{9418DBE8-4742-48BD-BB1C-73F54BDEA19F}.Debug|x64.Build.0 = Debug|x64
		{9418DBE8-4742-48BD-BB1C-73F54BDEA19F}.Debug|x86.ActiveCfg = Debug|x86
		{9418DBE8-4742-48BD-BB1C-73F54BDEA19F}.Debug|x86.Build.0 = Debug|x86
		{9418DBE8-4742-48BD-BB1C-73F54BDEA19F}.Release|x64.ActiveCfg = Release|x64
		{9418DBE8-4742-48BD-BB1C-73F54BDEA19F}.Release|x64.Build.0 = Release|x64
		{9418DBE8-4742-48BD-BB1C-73F54BDEA19F}.Release|x86.ActiveCfg = Release|x86
		{9418DBE8-4742-48BD-BB1C-73F54BDEA19F}.Release|x86.Build.0 = Release|x86
		{25082DE1-BCA1-40D6-A13D-8C71B5A7787E}.Debug|x64.ActiveCfg = Debug|x64
		{25082DE1-BCA1-40D6-A13D-8C71B5A7787E}.Debug|x64.Build.0 = Debug|x64
		{25082DE1-BCA1-40D6-A13D-8C71B5A7787E}.Debug|x86.ActiveCfg = Debug|x86
		{25082DE1-BCA1-40D6-A13D-8C71B5A7787E}.Debug|x86.Build.0 = Debug|x86
		{25082DE1-BCA1-40D6-A13D-8C71B5A7787E}.Release|x64.ActiveCfg = Release|x64
		{25082DE1-BCA1-40D6-A13D-8C71B5A7787E}.Release|x64.Build.0 = Release|x64
		{25082DE1-BCA1-40D6-A13D-8C71B5A7787E}.Release|x86.ActiveCfg = Release|x86
		{25082DE1-BCA1-40D6-A13D-8C71B5A7787E}.Release|x86.Build.0 = Release|x86
		{49A3FEDD-3CC4-4661-B759-4AE581DECD8C}.Debug|x64.ActiveCfg = Debug|x64
		{49A3FEDD-3CC4-4661-B759-4AE581DECD8C}.Debug|x64.Build.0 = Debug|x64
		{49A3FEDD-3CC4-4661-B759-4AE581DECD8C}.Debug|x86.ActiveCfg = Debug|x86
		{49A3FEDD-3CC4-4661-B759-4AE581DECD8C}.Debug|x86.Build.0 = Debug|x86
		{49A3FEDD-3CC4-4661-B759-4AE581DECD8C}.Release|x64.ActiveCfg = Release|x64
		{49A3FEDD-3CC4-4661-B759-4AE581DECD8C}.Release|x64.Build.0 = Release|x64
		{49A3FEDD-3CC4-4661-B759-4AE581DECD8C}.Release|x86.ActiveCfg = Release|x86
		{49A3FEDD-3CC4-4661-B759-4AE581DECD8C}.Release|x86.Build.0 = Release|x86
		{DE456FE5-2CB0-497A-9B7B-5F995DB4488C}.Debug|x64.ActiveCfg = Debug|x64
		{DE456FE5-2CB0-497A-9B7B-5F995DB4488C}.Debug|x64.Build.0 = Debug|x64
		{DE456FE5-2CB0-497A-9B7B-5F995DB4488C}.Debug|x86.ActiveCfg = Debug|x86
		{DE456FE5-2CB0-497A-9B7B-5F995DB4488C}.Debug|x86.Build.0 = Debug|x86
		{DE456FE5-2CB0-497A-9B7B-5F995DB4488C}.Release|x64.ActiveCfg = Release|x64
		{DE456FE5-2CB0-497A-9B7B-5F995DB4488C}.Release|x64.Build.0 = Release|x64
		{DE456FE5-2CB0-497A-9B7B-5F995DB4488C}.Release|x86.ActiveCfg = Release|x86
		{DE456FE5-2CB0-497A-9B7B-5F995DB4488C}.Release|x86.Build.0 = Release|x86
		{6BD41C23-8C73-4F38-8081-090F4C4AE8A5}.Debug|x64.ActiveCfg = Debug|x64
		{6BD41C23-8C73-4F38-8081-090F4C4AE8A5}.Debug|x64.Build.0 = Debug|x64
		{6BD41C23-8C73-4F38-8081-090F4C4AE8A5}.Debug|x86.ActiveCfg = Debug|x86
		{6BD41C23-8C73-4F38-8081-090F4C4AE8A5}.Debug|x86.Build.0 = Debug|x86
		{6BD41C23-8C73-4F38-8081-090F4C4AE8A5}.Release|x64.ActiveCfg = Release|x64
		{6BD41C23-8C73-4F38-8081-090F4C4AE8A5}.Release|x64.Build.0 = Release|x64
		{6BD41C23-8C73-4F38-8081-090F4C4AE8A5}.Release|x86.ActiveCfg = Release|x86
		{6BD41C23-8C73-4F38-8081-090F4C4AE8A5}.Release|x86.Build.0 = Release|x86
		{D8E9D140-2503-4BB1-9B60-EC531F035E24}.Debug|x64.ActiveCfg = Debug|x64
		{D8E9D140-2503-4BB1-9B60-EC531F035E24}.Debug|x64.Build.0 = Debug|x64
		{D8E9D140-2503-4BB1-9B60-EC531F035E24}.Debug|x86.ActiveCfg = Debug|x86
		{D8E9D140-2503-4BB1-9B60-EC531F035E24}.Debug|x86.Build.0 = Debug|x86
		{D8E9D140-2503-4BB1-9B60-EC531F035E24}.Release|x64.ActiveCfg = Release|x64
		{D8E9D140-2503-4BB1-9B60-EC531F035E24}.Release|x64.Build.0 = Release|x64
		{D8E9D140-2503-4BB1-9B60-EC531F035E24}.Release|x86.ActiveCfg = Release|x86
		{D8E9D140-2503-4BB1-9B60-EC531F035E24}.Release|x86.Build.0 = Release|x86
		{9F0E49B8-D2C4-40E4-91B8-1AFFF1F13256}.Debug|x64.ActiveCfg = Debug|x64
		{9F0E49B8-D2C4-40E4-91B8-1AFFF1F13256}.Debug|x64.Build.0 = Debug|x64
		{9F0E49B8-D2C4-40E4-91B8-1AFFF1F13256}.Debug|x86.ActiveCfg = Debug|x86
		{9F0E49B8-D2C4-40E4-91B8-1AFFF1F13256}.Debug|x86.Build.0 = Debug|x86
		{9F0E49B8-D2C4-40E4-91B8-1AFFF1F13256}.Release|x64.ActiveCfg = Release|x64
		{9F0E49B8-D2C4-40E4-91B8-1AFFF1F13256}.Release|x64.Build.0 = Release|x64
		{9F0E49B8-D2C4-40E4-91B8-1AFFF1F13256}.Release|x86.ActiveCfg = Release|x86
		{9F0E49B8-D2C4-40E4-91B8-1AFFF1F13256}.Release|x86.Build.0 = Release|x86
		{14BE9AC0-830B-4761-A3E7-82C4E7FE1700}.Debug|x64.ActiveCfg = Debug|x64
		{14BE9AC0-830B-4761-A3E7-82C4E7FE1700}.Debug|x64.Build.0 = Debug|x64
		{14BE9AC0-830B-4761-A3E7-82C4E7FE1700}.Debug|x86.ActiveCfg = Debug|x86
		{14BE9AC0-830B-4761-A3E7-82C4E7FE1700}.Debug|x86.Build.0 = Debug|x86
		{14BE9AC0-830B-4761-A3E7-82C4E7FE1700}.Release|x64.ActiveCfg = Release|x64
		{14BE9AC0-830B-4761-A3E7-82C4E7FE1700}.Release|x64.Build.0 = Release|x64
		{14BE9AC0-830B-4761-A3E7-82C4E7FE1700}.Release|x86.ActiveCfg = Release|x86
		{14BE9AC0-830B-4761-A3E7-82C4E7FE1700}.Release|x86.Build.0 = Release|x86
	EndGlobalSection
	GlobalSection(SolutionProperties) = preSolution
		HideSolutionNode = FALSE
	EndGlobalSection
	GlobalSection(ExtensibilityGlobals) = postSolution
		SolutionGuid = {458E7AAC-88C5-435A-BFD8-1D5DD368BA0F}
	EndGlobalSection
EndGlobal
